
Microsoft Visual Studio Solution File, Format Version 12.00
# Visual Studio Version 17
VisualStudioVersion = 17.8.34330.188
MinimumVisualStudioVersion = 10.0.40219.1
Project("{9A19103F-16F7-4668-BE54-9A1E7A4F7556}") = "StoreApi", "StoreApi\StoreApi.csproj", "{B93B6FF5-2384-4407-B1E8-11CD888C7482}"
EndProject
Project("{FAE04EC0-301F-11D3-BF4B-00C04F79EFBC}") = "StoreApiTest", "StoreApiTest\StoreApiTest.csproj", "{DB69B530-74D8-436B-85C4-9C5A7E512B27}"
EndProject
Global
	GlobalSection(SolutionConfigurationPlatforms) = preSolution
		Debug|Any CPU = Debug|Any CPU
		Release|Any CPU = Release|Any CPU
	EndGlobalSection
	GlobalSection(ProjectConfigurationPlatforms) = postSolution
		{B93B6FF5-2384-4407-B1E8-11CD888C7482}.Debug|Any CPU.ActiveCfg = Debug|Any CPU
		{B93B6FF5-2384-4407-B1E8-11CD888C7482}.Debug|Any CPU.Build.0 = Debug|Any CPU
		{B93B6FF5-2384-4407-B1E8-11CD888C7482}.Release|Any CPU.ActiveCfg = Release|Any CPU
		{B93B6FF5-2384-4407-B1E8-11CD888C7482}.Release|Any CPU.Build.0 = Release|Any CPU
		{DB69B530-74D8-436B-85C4-9C5A7E512B27}.Debug|Any CPU.ActiveCfg = Debug|Any CPU
		{DB69B530-74D8-436B-85C4-9C5A7E512B27}.Debug|Any CPU.Build.0 = Debug|Any CPU
		{DB69B530-74D8-436B-85C4-9C5A7E512B27}.Release|Any CPU.ActiveCfg = Release|Any CPU
		{DB69B530-74D8-436B-85C4-9C5A7E512B27}.Release|Any CPU.Build.0 = Release|Any CPU
	EndGlobalSection
	GlobalSection(SolutionProperties) = preSolution
		HideSolutionNode = FALSE
	EndGlobalSection
	GlobalSection(ExtensibilityGlobals) = postSolution
		SolutionGuid = {AFB65330-F049-4BA9-8B4A-E39B7CFBFC42}
	EndGlobalSection
EndGlobal
